# THIS IS AN AUTOGENERATED FILE. DO NOT EDIT THIS FILE DIRECTLY.
# yarn lockfile v1


"@sinonjs/commons@^1", "@sinonjs/commons@^1.6.0", "@sinonjs/commons@^1.7.0", "@sinonjs/commons@^1.8.1":
  version "1.8.1"
  resolved "https://registry.yarnpkg.com/@sinonjs/commons/-/commons-1.8.1.tgz#e7df00f98a203324f6dc7cc606cad9d4a8ab2217"
  integrity sha512-892K+kWUUi3cl+LlqEWIDrhvLgdL79tECi8JZUyq6IviKy/DNhuzCRlbHUjxK89f4ypPMMaFnFuR9Ie6DoIMsw==
  dependencies:
    type-detect "4.0.8"

"@sinonjs/fake-timers@^6.0.0", "@sinonjs/fake-timers@^6.0.1":
  version "6.0.1"
  resolved "https://registry.yarnpkg.com/@sinonjs/fake-timers/-/fake-timers-6.0.1.tgz#293674fccb3262ac782c7aadfdeca86b10c75c40"
  integrity sha512-MZPUxrmFubI36XS1DI3qmI0YdN1gks62JtFZvxR67ljjSNCeK6U08Zx4msEWOXuofgqUt6zPHSi1H9fbjR/NRA==
  dependencies:
    "@sinonjs/commons" "^1.7.0"

"@sinonjs/formatio@^5.0.1":
  version "5.0.1"
  resolved "https://registry.yarnpkg.com/@sinonjs/formatio/-/formatio-5.0.1.tgz#f13e713cb3313b1ab965901b01b0828ea6b77089"
  integrity sha512-KaiQ5pBf1MpS09MuA0kp6KBQt2JUOQycqVG1NZXvzeaXe5LGFqAKueIS0bw4w0P9r7KuBSVdUk5QjXsUdu2CxQ==
  dependencies:
    "@sinonjs/commons" "^1"
    "@sinonjs/samsam" "^5.0.2"

"@sinonjs/samsam@^5.0.2", "@sinonjs/samsam@^5.2.0":
  version "5.2.0"
  resolved "https://registry.yarnpkg.com/@sinonjs/samsam/-/samsam-5.2.0.tgz#fcff83ab86f83b5498f4a967869c079408d9b5eb"
  integrity sha512-CaIcyX5cDsjcW/ab7HposFWzV1kC++4HNsfnEdFJa7cP1QIuILAKV+BgfeqRXhcnSAc76r/Rh/O5C+300BwUIw==
  dependencies:
    "@sinonjs/commons" "^1.6.0"
    lodash.get "^4.4.2"
    type-detect "^4.0.8"

"@sinonjs/text-encoding@^0.7.1":
  version "0.7.1"
  resolved "https://registry.yarnpkg.com/@sinonjs/text-encoding/-/text-encoding-0.7.1.tgz#8da5c6530915653f3a1f38fd5f101d8c3f8079c5"
  integrity sha512-+iTbntw2IZPb/anVDbypzfQa+ay64MW0Zo8aJ8gZPWMMK6/OubMVb6lUPMagqjOPnmtauXnFCACVl3O7ogjeqQ==

"@types/sinon@^9.0.8":
  version "9.0.8"
  resolved "https://registry.yarnpkg.com/@types/sinon/-/sinon-9.0.8.tgz#1ed0038d356784f75b086104ef83bfd4130bb81b"
  integrity sha512-IVnI820FZFMGI+u1R+2VdRaD/82YIQTdqLYC9DLPszZuynAJDtCvCtCs3bmyL66s7FqRM3+LPX7DhHnVTaagDw==
  dependencies:
    "@types/sinonjs__fake-timers" "*"

"@types/sinonjs__fake-timers@*":
  version "6.0.2"
  resolved "https://registry.yarnpkg.com/@types/sinonjs__fake-timers/-/sinonjs__fake-timers-6.0.2.tgz#3a84cf5ec3249439015e14049bd3161419bf9eae"
  integrity sha512-dIPoZ3g5gcx9zZEszaxLSVTvMReD3xxyyDnQUjA6IYDG9Ba2AV0otMPs+77sG9ojB4Qr2N2Vk5RnKeuA0X/0bg==

diff@^4.0.2:
  version "4.0.2"
  resolved "https://registry.yarnpkg.com/diff/-/diff-4.0.2.tgz#60f3aecb89d5fae520c11aa19efc2bb982aade7d"
  integrity sha512-58lmxKSA4BNyLz+HHMUzlOEpg09FV+ev6ZMe3vJihgdxzgcwZ8VoEEPmALCZG9LmqfVoNMMKpttIYTVG6uDY7A==

has-flag@^4.0.0:
  version "4.0.0"
  resolved "https://registry.yarnpkg.com/has-flag/-/has-flag-4.0.0.tgz#944771fd9c81c81265c4d6941860da06bb59479b"
  integrity sha512-EykJT/Q1KjTWctppgIAgfSO0tKVuZUjhgMr17kqTumMl6Afv3EISleU7qZUzoXDFTAHTDC4NOoG/ZxU3EvlMPQ==

isarray@0.0.1:
  version "0.0.1"
  resolved "https://registry.yarnpkg.com/isarray/-/isarray-0.0.1.tgz#8a18acfca9a8f4177e09abfc6038939b05d1eedf"
  integrity sha1-ihis/Kmo9Bd+Cav8YDiTmwXR7t8=

just-extend@^4.0.2:
  version "4.1.1"
  resolved "https://registry.yarnpkg.com/just-extend/-/just-extend-4.1.1.tgz#158f1fdb01f128c411dc8b286a7b4837b3545282"
  integrity sha512-aWgeGFW67BP3e5181Ep1Fv2v8z//iBJfrvyTnq8wG86vEESwmonn1zPBJ0VfmT9CJq2FIT0VsETtrNFm2a+SHA==

lodash.get@^4.4.2:
  version "4.4.2"
  resolved "https://registry.yarnpkg.com/lodash.get/-/lodash.get-4.4.2.tgz#2d177f652fa31e939b4438d5341499dfa3825e99"
  integrity sha1-LRd/ZS+jHpObRDjVNBSZ36OCXpk=

nise@^4.0.4:
  version "4.0.4"
  resolved "https://registry.yarnpkg.com/nise/-/nise-4.0.4.tgz#d73dea3e5731e6561992b8f570be9e363c4512dd"
  integrity sha512-bTTRUNlemx6deJa+ZyoCUTRvH3liK5+N6VQZ4NIw90AgDXY6iPnsqplNFf6STcj+ePk0H/xqxnP75Lr0J0Fq3A==
  dependencies:
    "@sinonjs/commons" "^1.7.0"
    "@sinonjs/fake-timers" "^6.0.0"
    "@sinonjs/text-encoding" "^0.7.1"
    just-extend "^4.0.2"
    path-to-regexp "^1.7.0"

path-to-regexp@^1.7.0:
  version "1.8.0"
  resolved "https://registry.yarnpkg.com/path-to-regexp/-/path-to-regexp-1.8.0.tgz#887b3ba9d84393e87a0a0b9f4cb756198b53548a"
  integrity sha512-n43JRhlUKUAlibEJhPeir1ncUID16QnEjNpwzNdO3Lm4ywrBpBZ5oLD0I6br9evr1Y9JTqwRtAh7JLoOzAQdVA==
  dependencies:
    isarray "0.0.1"

sinon@^9.2.1:
  version "9.2.1"
  resolved "https://registry.yarnpkg.com/sinon/-/sinon-9.2.1.tgz#64cc88beac718557055bd8caa526b34a2231be6d"
  integrity sha512-naPfsamB5KEE1aiioaoqJ6MEhdUs/2vtI5w1hPAXX/UwvoPjXcwh1m5HiKx0HGgKR8lQSoFIgY5jM6KK8VrS9w==
  dependencies:
    "@sinonjs/commons" "^1.8.1"
    "@sinonjs/fake-timers" "^6.0.1"
    "@sinonjs/formatio" "^5.0.1"
    "@sinonjs/samsam" "^5.2.0"
    diff "^4.0.2"
    nise "^4.0.4"
    supports-color "^7.1.0"

supports-color@^7.1.0:
  version "7.2.0"
  resolved "https://registry.yarnpkg.com/supports-color/-/supports-color-7.2.0.tgz#1b7dcdcb32b8138801b3e478ba6a51caa89648da"
  integrity sha512-qpCAvRl9stuOHveKsn7HncJRvv501qIacKzQlO/+Lwxc9+0q2wLyv4Dfvt80/DPn2pqOBsJdDiogXGR9+OvwRw==
  dependencies:
    has-flag "^4.0.0"

type-detect@4.0.8, type-detect@^4.0.8:
  version "4.0.8"
  resolved "https://registry.yarnpkg.com/type-detect/-/type-detect-4.0.8.tgz#7646fb5f18871cfbb7749e69bd39a6388eb7450c"
  integrity sha512-0fr/mIH1dlO+x7TlcMy+bIDqKPsw/70tVyeHW787goQjhmqaZe10uwLujubK9q9Lg6Fiho1KUKDYz0Z7k7g5/g==
